
Microsoft Visual Studio Solution File, Format Version 12.00
# Visual Studio Version 17
VisualStudioVersion = 17.2.32630.192
MinimumVisualStudioVersion = 10.0.40219.1
Project("{FAE04EC0-301F-11D3-BF4B-00C04F79EFBC}") = "Step_course_work1(Anna_Tatsiy)", "Step_course_work1(Anna_Tatsiy)\Step_course_work1(Anna_Tatsiy).csproj", "{B414D3CA-9FF6-4B71-A694-1399B178039B}"
EndProject
Global
	GlobalSection(SolutionConfigurationPlatforms) = preSolution
		Debug|Any CPU = Debug|Any CPU
		Release|Any CPU = Release|Any CPU
	EndGlobalSection
	GlobalSection(ProjectConfigurationPlatforms) = postSolution
		{B414D3CA-9FF6-4B71-A694-1399B178039B}.Debug|Any CPU.ActiveCfg = Debug|Any CPU
		{B414D3CA-9FF6-4B71-A694-1399B178039B}.Debug|Any CPU.Build.0 = Debug|Any CPU
		{B414D3CA-9FF6-4B71-A694-1399B178039B}.Release|Any CPU.ActiveCfg = Release|Any CPU
		{B414D3CA-9FF6-4B71-A694-1399B178039B}.Release|Any CPU.Build.0 = Release|Any CPU
	EndGlobalSection
	GlobalSection(SolutionProperties) = preSolution
		HideSolutionNode = FALSE
	EndGlobalSection
	GlobalSection(ExtensibilityGlobals) = postSolution
		SolutionGuid = {10811BC1-D673-4197-90C1-75CF44C3F06F}
	EndGlobalSection
EndGlobal
